
Microsoft Visual Studio Solution File, Format Version 12.00
# Visual Studio Version 16
VisualStudioVersion = 16.0.30114.105
MinimumVisualStudioVersion = 10.0.40219.1
Project("{2150E333-8FDC-42A3-9474-1A3956D46DE8}") = "src", "src", "{BD7654CD-01E6-476C-A4EC-05197B6336E8}"
EndProject
Project("{2150E333-8FDC-42A3-9474-1A3956D46DE8}") = "Desktop", "Desktop", "{B294C162-3094-4810-987B-57390D06EF53}"
EndProject
Project("{9A19103F-16F7-4668-BE54-9A1E7A4F7556}") = "Desktop.Main", "src\Desktop\Desktop.Main\Desktop.Main.csproj", "{60909F52-CF36-4B3E-9C92-A03B9EF9ACCF}"
EndProject
Project("{2150E333-8FDC-42A3-9474-1A3956D46DE8}") = "Server", "Server", "{00356E25-4641-4C75-A4BD-F20E880C0574}"
EndProject
Project("{9A19103F-16F7-4668-BE54-9A1E7A4F7556}") = "Server.Main", "src\Server\Server.Main\Server.Main.csproj", "{14B20237-9604-4478-8D09-F9AD71F0923D}"
EndProject
Project("{2150E333-8FDC-42A3-9474-1A3956D46DE8}") = "Customer", "Customer", "{19C30F9A-AEAB-4072-9680-746A09B44AB6}"
EndProject
Project("{9A19103F-16F7-4668-BE54-9A1E7A4F7556}") = "Customer.Data", "src\Customer\Customer.Data\Customer.Data.csproj", "{E35EE783-EE79-4C2D-93A0-678A90BCFE59}"
EndProject
Project("{9A19103F-16F7-4668-BE54-9A1E7A4F7556}") = "Customer.Server", "src\Customer\Customer.Server\Customer.Server.csproj", "{D5ACA229-EB46-4B0F-A63C-EC9219F8987E}"
EndProject
Project("{2150E333-8FDC-42A3-9474-1A3956D46DE8}") = "Item", "Item", "{FEE35119-8262-4023-A67F-0FBDF20FD69D}"
EndProject
Project("{9A19103F-16F7-4668-BE54-9A1E7A4F7556}") = "Item.Data", "src\Item\Item.Data\Item.Data.csproj", "{D70888F9-CBDB-4881-8B8C-C00411CCE631}"
EndProject
Project("{9A19103F-16F7-4668-BE54-9A1E7A4F7556}") = "Item.Server", "src\Item\Item.Server\Item.Server.csproj", "{179C74CD-5232-44B3-BAB6-10878556C3EB}"
EndProject
Project("{2150E333-8FDC-42A3-9474-1A3956D46DE8}") = "Kernel", "Kernel", "{03BC0F8C-2285-4499-8210-09642CCC252D}"
EndProject
Project("{9A19103F-16F7-4668-BE54-9A1E7A4F7556}") = "Kernel.Common", "src\Kernel\Kernel.Common\Kernel.Common.csproj", "{C7627F21-3940-492E-971F-62A6C72014C3}"
EndProject
Project("{2150E333-8FDC-42A3-9474-1A3956D46DE8}") = "Order", "Order", "{18E09E4A-880B-4771-9457-11642E874665}"
EndProject
Project("{9A19103F-16F7-4668-BE54-9A1E7A4F7556}") = "Order.Data", "src\Order\Order.Data\Order.Data.csproj", "{0B519B58-C522-4AEB-A150-6CAD4AAE8B70}"
EndProject
Project("{9A19103F-16F7-4668-BE54-9A1E7A4F7556}") = "Order.Server", "src\Order\Order.Server\Order.Server.csproj", "{1AFC595D-45E9-46A4-B387-4FF6B90BA6CB}"
EndProject
Project("{9A19103F-16F7-4668-BE54-9A1E7A4F7556}") = "Customer.Module", "src\Customer\Customer.Module\Customer.Module.csproj", "{261BC9D0-1CF3-43AE-B41B-D9C21E3A348A}"
EndProject
Project("{9A19103F-16F7-4668-BE54-9A1E7A4F7556}") = "Order.Module", "src\Order\Order.Module\Order.Module.csproj", "{2E6709B2-5F36-425D-BCDA-554D8CF8D914}"
EndProject
Project("{9A19103F-16F7-4668-BE54-9A1E7A4F7556}") = "Item.Module", "src\Item\Item.Module\Item.Module.csproj", "{DF6B1849-4BDC-4E3C-B0AD-85B3787882C5}"
EndProject
Project("{2150E333-8FDC-42A3-9474-1A3956D46DE8}") = "Solution Items", "Solution Items", "{B8528F0B-2D09-403E-82C8-CA1F97759958}"
	ProjectSection(SolutionItems) = preProject
		.editorconfig = .editorconfig
		.gitignore = .gitignore
	EndProjectSection
EndProject
Project("{9A19103F-16F7-4668-BE54-9A1E7A4F7556}") = "Kernel.Desktop", "src\Kernel\Kernel.Desktop\Kernel.Desktop.csproj", "{79C42CBD-FC0A-4C7C-BF7D-69CCF5BC7689}"
EndProject
Project("{9A19103F-16F7-4668-BE54-9A1E7A4F7556}") = "Customer.Client", "src\Customer\Customer.Client\Customer.Client.csproj", "{1F315C8A-BB93-4A11-B6B9-71E101E62003}"
EndProject
Project("{9A19103F-16F7-4668-BE54-9A1E7A4F7556}") = "Order.Client", "src\Order\Order.Client\Order.Client.csproj", "{2CB1494F-FD35-409E-8AD9-21EDA73E4633}"
EndProject
Project("{9A19103F-16F7-4668-BE54-9A1E7A4F7556}") = "Item.Client", "src\Item\Item.Client\Item.Client.csproj", "{9A8FE42E-6A61-4DCB-AC6A-C60EB351251A}"
EndProject
Project("{2150E333-8FDC-42A3-9474-1A3956D46DE8}") = "tests", "tests", "{1522B750-472D-46AC-96FD-261F81EEBC33}"
EndProject
Project("{2150E333-8FDC-42A3-9474-1A3956D46DE8}") = "Order", "Order", "{DA69CB17-BDE8-40E4-B648-A368CB232041}"
EndProject
Project("{9A19103F-16F7-4668-BE54-9A1E7A4F7556}") = "Order.Cmd", "tests\Order\Order.Cmd\Order.Cmd.csproj", "{B16A7E8E-039F-4E72-9F78-B7D6B57630AC}"
EndProject
Project("{2150E333-8FDC-42A3-9474-1A3956D46DE8}") = "Database", "Database", "{0245B06B-BDB3-49A1-B3B2-3771C52DE323}"
EndProject
Project("{00D1A9C2-B5F0-4AF3-8072-F6C62B433612}") = "SqlDatabase", "Database\SqlDatabase\SqlDatabase.sqlproj", "{887667F0-5169-48F9-A618-D1AE08A437E6}"
EndProject
Project("{2150E333-8FDC-42A3-9474-1A3956D46DE8}") = "Customer", "Customer", "{6096948D-23A5-4D32-AB7C-908F6205013E}"
EndProject
Project("{FAE04EC0-301F-11D3-BF4B-00C04F79EFBC}") = "Customer.Data.Tests", "tests\Customer\Customer.Data.Tests\Customer.Data.Tests.csproj", "{2F86E387-19A9-46C6-AEA2-137DF1FAA992}"
EndProject
Global
	GlobalSection(SolutionConfigurationPlatforms) = preSolution
		Debug|Any CPU = Debug|Any CPU
		Debug|x64 = Debug|x64
		Debug|x86 = Debug|x86
		Release|Any CPU = Release|Any CPU
		Release|x64 = Release|x64
		Release|x86 = Release|x86
	EndGlobalSection
	GlobalSection(ProjectConfigurationPlatforms) = postSolution
		{60909F52-CF36-4B3E-9C92-A03B9EF9ACCF}.Debug|Any CPU.ActiveCfg = Debug|Any CPU
		{60909F52-CF36-4B3E-9C92-A03B9EF9ACCF}.Debug|Any CPU.Build.0 = Debug|Any CPU
		{60909F52-CF36-4B3E-9C92-A03B9EF9ACCF}.Debug|x64.ActiveCfg = Debug|Any CPU
		{60909F52-CF36-4B3E-9C92-A03B9EF9ACCF}.Debug|x64.Build.0 = Debug|Any CPU
		{60909F52-CF36-4B3E-9C92-A03B9EF9ACCF}.Debug|x86.ActiveCfg = Debug|Any CPU
		{60909F52-CF36-4B3E-9C92-A03B9EF9ACCF}.Debug|x86.Build.0 = Debug|Any CPU
		{60909F52-CF36-4B3E-9C92-A03B9EF9ACCF}.Release|Any CPU.ActiveCfg = Release|Any CPU
		{60909F52-CF36-4B3E-9C92-A03B9EF9ACCF}.Release|Any CPU.Build.0 = Release|Any CPU
		{60909F52-CF36-4B3E-9C92-A03B9EF9ACCF}.Release|x64.ActiveCfg = Release|Any CPU
		{60909F52-CF36-4B3E-9C92-A03B9EF9ACCF}.Release|x64.Build.0 = Release|Any CPU
		{60909F52-CF36-4B3E-9C92-A03B9EF9ACCF}.Release|x86.ActiveCfg = Release|Any CPU
		{60909F52-CF36-4B3E-9C92-A03B9EF9ACCF}.Release|x86.Build.0 = Release|Any CPU
		{14B20237-9604-4478-8D09-F9AD71F0923D}.Debug|Any CPU.ActiveCfg = Debug|Any CPU
		{14B20237-9604-4478-8D09-F9AD71F0923D}.Debug|Any CPU.Build.0 = Debug|Any CPU
		{14B20237-9604-4478-8D09-F9AD71F0923D}.Debug|x64.ActiveCfg = Debug|Any CPU
		{14B20237-9604-4478-8D09-F9AD71F0923D}.Debug|x64.Build.0 = Debug|Any CPU
		{14B20237-9604-4478-8D09-F9AD71F0923D}.Debug|x86.ActiveCfg = Debug|Any CPU
		{14B20237-9604-4478-8D09-F9AD71F0923D}.Debug|x86.Build.0 = Debug|Any CPU
		{14B20237-9604-4478-8D09-F9AD71F0923D}.Release|Any CPU.ActiveCfg = Release|Any CPU
		{14B20237-9604-4478-8D09-F9AD71F0923D}.Release|Any CPU.Build.0 = Release|Any CPU
		{14B20237-9604-4478-8D09-F9AD71F0923D}.Release|x64.ActiveCfg = Release|Any CPU
		{14B20237-9604-4478-8D09-F9AD71F0923D}.Release|x64.Build.0 = Release|Any CPU
		{14B20237-9604-4478-8D09-F9AD71F0923D}.Release|x86.ActiveCfg = Release|Any CPU
		{14B20237-9604-4478-8D09-F9AD71F0923D}.Release|x86.Build.0 = Release|Any CPU
		{E35EE783-EE79-4C2D-93A0-678A90BCFE59}.Debug|Any CPU.ActiveCfg = Debug|Any CPU
		{E35EE783-EE79-4C2D-93A0-678A90BCFE59}.Debug|Any CPU.Build.0 = Debug|Any CPU
		{E35EE783-EE79-4C2D-93A0-678A90BCFE59}.Debug|x64.ActiveCfg = Debug|Any CPU
		{E35EE783-EE79-4C2D-93A0-678A90BCFE59}.Debug|x64.Build.0 = Debug|Any CPU
		{E35EE783-EE79-4C2D-93A0-678A90BCFE59}.Debug|x86.ActiveCfg = Debug|Any CPU
		{E35EE783-EE79-4C2D-93A0-678A90BCFE59}.Debug|x86.Build.0 = Debug|Any CPU
		{E35EE783-EE79-4C2D-93A0-678A90BCFE59}.Release|Any CPU.ActiveCfg = Release|Any CPU
		{E35EE783-EE79-4C2D-93A0-678A90BCFE59}.Release|Any CPU.Build.0 = Release|Any CPU
		{E35EE783-EE79-4C2D-93A0-678A90BCFE59}.Release|x64.ActiveCfg = Release|Any CPU
		{E35EE783-EE79-4C2D-93A0-678A90BCFE59}.Release|x64.Build.0 = Release|Any CPU
		{E35EE783-EE79-4C2D-93A0-678A90BCFE59}.Release|x86.ActiveCfg = Release|Any CPU
		{E35EE783-EE79-4C2D-93A0-678A90BCFE59}.Release|x86.Build.0 = Release|Any CPU
		{D5ACA229-EB46-4B0F-A63C-EC9219F8987E}.Debug|Any CPU.ActiveCfg = Debug|Any CPU
		{D5ACA229-EB46-4B0F-A63C-EC9219F8987E}.Debug|Any CPU.Build.0 = Debug|Any CPU
		{D5ACA229-EB46-4B0F-A63C-EC9219F8987E}.Debug|x64.ActiveCfg = Debug|Any CPU
		{D5ACA229-EB46-4B0F-A63C-EC9219F8987E}.Debug|x64.Build.0 = Debug|Any CPU
		{D5ACA229-EB46-4B0F-A63C-EC9219F8987E}.Debug|x86.ActiveCfg = Debug|Any CPU
		{D5ACA229-EB46-4B0F-A63C-EC9219F8987E}.Debug|x86.Build.0 = Debug|Any CPU
		{D5ACA229-EB46-4B0F-A63C-EC9219F8987E}.Release|Any CPU.ActiveCfg = Release|Any CPU
		{D5ACA229-EB46-4B0F-A63C-EC9219F8987E}.Release|Any CPU.Build.0 = Release|Any CPU
		{D5ACA229-EB46-4B0F-A63C-EC9219F8987E}.Release|x64.ActiveCfg = Release|Any CPU
		{D5ACA229-EB46-4B0F-A63C-EC9219F8987E}.Release|x64.Build.0 = Release|Any CPU
		{D5ACA229-EB46-4B0F-A63C-EC9219F8987E}.Release|x86.ActiveCfg = Release|Any CPU
		{D5ACA229-EB46-4B0F-A63C-EC9219F8987E}.Release|x86.Build.0 = Release|Any CPU
		{D70888F9-CBDB-4881-8B8C-C00411CCE631}.Debug|Any CPU.ActiveCfg = Debug|Any CPU
		{D70888F9-CBDB-4881-8B8C-C00411CCE631}.Debug|Any CPU.Build.0 = Debug|Any CPU
		{D70888F9-CBDB-4881-8B8C-C00411CCE631}.Debug|x64.ActiveCfg = Debug|Any CPU
		{D70888F9-CBDB-4881-8B8C-C00411CCE631}.Debug|x64.Build.0 = Debug|Any CPU
		{D70888F9-CBDB-4881-8B8C-C00411CCE631}.Debug|x86.ActiveCfg = Debug|Any CPU
		{D70888F9-CBDB-4881-8B8C-C00411CCE631}.Debug|x86.Build.0 = Debug|Any CPU
		{D70888F9-CBDB-4881-8B8C-C00411CCE631}.Release|Any CPU.ActiveCfg = Release|Any CPU
		{D70888F9-CBDB-4881-8B8C-C00411CCE631}.Release|Any CPU.Build.0 = Release|Any CPU
		{D70888F9-CBDB-4881-8B8C-C00411CCE631}.Release|x64.ActiveCfg = Release|Any CPU
		{D70888F9-CBDB-4881-8B8C-C00411CCE631}.Release|x64.Build.0 = Release|Any CPU
		{D70888F9-CBDB-4881-8B8C-C00411CCE631}.Release|x86.ActiveCfg = Release|Any CPU
		{D70888F9-CBDB-4881-8B8C-C00411CCE631}.Release|x86.Build.0 = Release|Any CPU
		{179C74CD-5232-44B3-BAB6-10878556C3EB}.Debug|Any CPU.ActiveCfg = Debug|Any CPU
		{179C74CD-5232-44B3-BAB6-10878556C3EB}.Debug|Any CPU.Build.0 = Debug|Any CPU
		{179C74CD-5232-44B3-BAB6-10878556C3EB}.Debug|x64.ActiveCfg = Debug|Any CPU
		{179C74CD-5232-44B3-BAB6-10878556C3EB}.Debug|x64.Build.0 = Debug|Any CPU
		{179C74CD-5232-44B3-BAB6-10878556C3EB}.Debug|x86.ActiveCfg = Debug|Any CPU
		{179C74CD-5232-44B3-BAB6-10878556C3EB}.Debug|x86.Build.0 = Debug|Any CPU
		{179C74CD-5232-44B3-BAB6-10878556C3EB}.Release|Any CPU.ActiveCfg = Release|Any CPU
		{179C74CD-5232-44B3-BAB6-10878556C3EB}.Release|Any CPU.Build.0 = Release|Any CPU
		{179C74CD-5232-44B3-BAB6-10878556C3EB}.Release|x64.ActiveCfg = Release|Any CPU
		{179C74CD-5232-44B3-BAB6-10878556C3EB}.Release|x64.Build.0 = Release|Any CPU
		{179C74CD-5232-44B3-BAB6-10878556C3EB}.Release|x86.ActiveCfg = Release|Any CPU
		{179C74CD-5232-44B3-BAB6-10878556C3EB}.Release|x86.Build.0 = Release|Any CPU
		{C7627F21-3940-492E-971F-62A6C72014C3}.Debug|Any CPU.ActiveCfg = Debug|Any CPU
		{C7627F21-3940-492E-971F-62A6C72014C3}.Debug|Any CPU.Build.0 = Debug|Any CPU
		{C7627F21-3940-492E-971F-62A6C72014C3}.Debug|x64.ActiveCfg = Debug|Any CPU
		{C7627F21-3940-492E-971F-62A6C72014C3}.Debug|x64.Build.0 = Debug|Any CPU
		{C7627F21-3940-492E-971F-62A6C72014C3}.Debug|x86.ActiveCfg = Debug|Any CPU
		{C7627F21-3940-492E-971F-62A6C72014C3}.Debug|x86.Build.0 = Debug|Any CPU
		{C7627F21-3940-492E-971F-62A6C72014C3}.Release|Any CPU.ActiveCfg = Release|Any CPU
		{C7627F21-3940-492E-971F-62A6C72014C3}.Release|Any CPU.Build.0 = Release|Any CPU
		{C7627F21-3940-492E-971F-62A6C72014C3}.Release|x64.ActiveCfg = Release|Any CPU
		{C7627F21-3940-492E-971F-62A6C72014C3}.Release|x64.Build.0 = Release|Any CPU
		{C7627F21-3940-492E-971F-62A6C72014C3}.Release|x86.ActiveCfg = Release|Any CPU
		{C7627F21-3940-492E-971F-62A6C72014C3}.Release|x86.Build.0 = Release|Any CPU
		{0B519B58-C522-4AEB-A150-6CAD4AAE8B70}.Debug|Any CPU.ActiveCfg = Debug|Any CPU
		{0B519B58-C522-4AEB-A150-6CAD4AAE8B70}.Debug|Any CPU.Build.0 = Debug|Any CPU
		{0B519B58-C522-4AEB-A150-6CAD4AAE8B70}.Debug|x64.ActiveCfg = Debug|Any CPU
		{0B519B58-C522-4AEB-A150-6CAD4AAE8B70}.Debug|x64.Build.0 = Debug|Any CPU
		{0B519B58-C522-4AEB-A150-6CAD4AAE8B70}.Debug|x86.ActiveCfg = Debug|Any CPU
		{0B519B58-C522-4AEB-A150-6CAD4AAE8B70}.Debug|x86.Build.0 = Debug|Any CPU
		{0B519B58-C522-4AEB-A150-6CAD4AAE8B70}.Release|Any CPU.ActiveCfg = Release|Any CPU
		{0B519B58-C522-4AEB-A150-6CAD4AAE8B70}.Release|Any CPU.Build.0 = Release|Any CPU
		{0B519B58-C522-4AEB-A150-6CAD4AAE8B70}.Release|x64.ActiveCfg = Release|Any CPU
		{0B519B58-C522-4AEB-A150-6CAD4AAE8B70}.Release|x64.Build.0 = Release|Any CPU
		{0B519B58-C522-4AEB-A150-6CAD4AAE8B70}.Release|x86.ActiveCfg = Release|Any CPU
		{0B519B58-C522-4AEB-A150-6CAD4AAE8B70}.Release|x86.Build.0 = Release|Any CPU
		{1AFC595D-45E9-46A4-B387-4FF6B90BA6CB}.Debug|Any CPU.ActiveCfg = Debug|Any CPU
		{1AFC595D-45E9-46A4-B387-4FF6B90BA6CB}.Debug|Any CPU.Build.0 = Debug|Any CPU
		{1AFC595D-45E9-46A4-B387-4FF6B90BA6CB}.Debug|x64.ActiveCfg = Debug|Any CPU
		{1AFC595D-45E9-46A4-B387-4FF6B90BA6CB}.Debug|x64.Build.0 = Debug|Any CPU
		{1AFC595D-45E9-46A4-B387-4FF6B90BA6CB}.Debug|x86.ActiveCfg = Debug|Any CPU
		{1AFC595D-45E9-46A4-B387-4FF6B90BA6CB}.Debug|x86.Build.0 = Debug|Any CPU
		{1AFC595D-45E9-46A4-B387-4FF6B90BA6CB}.Release|Any CPU.ActiveCfg = Release|Any CPU
		{1AFC595D-45E9-46A4-B387-4FF6B90BA6CB}.Release|Any CPU.Build.0 = Release|Any CPU
		{1AFC595D-45E9-46A4-B387-4FF6B90BA6CB}.Release|x64.ActiveCfg = Release|Any CPU
		{1AFC595D-45E9-46A4-B387-4FF6B90BA6CB}.Release|x64.Build.0 = Release|Any CPU
		{1AFC595D-45E9-46A4-B387-4FF6B90BA6CB}.Release|x86.ActiveCfg = Release|Any CPU
		{1AFC595D-45E9-46A4-B387-4FF6B90BA6CB}.Release|x86.Build.0 = Release|Any CPU
		{261BC9D0-1CF3-43AE-B41B-D9C21E3A348A}.Debug|Any CPU.ActiveCfg = Debug|Any CPU
		{261BC9D0-1CF3-43AE-B41B-D9C21E3A348A}.Debug|Any CPU.Build.0 = Debug|Any CPU
		{261BC9D0-1CF3-43AE-B41B-D9C21E3A348A}.Debug|x64.ActiveCfg = Debug|Any CPU
		{261BC9D0-1CF3-43AE-B41B-D9C21E3A348A}.Debug|x64.Build.0 = Debug|Any CPU
		{261BC9D0-1CF3-43AE-B41B-D9C21E3A348A}.Debug|x86.ActiveCfg = Debug|Any CPU
		{261BC9D0-1CF3-43AE-B41B-D9C21E3A348A}.Debug|x86.Build.0 = Debug|Any CPU
		{261BC9D0-1CF3-43AE-B41B-D9C21E3A348A}.Release|Any CPU.ActiveCfg = Release|Any CPU
		{261BC9D0-1CF3-43AE-B41B-D9C21E3A348A}.Release|Any CPU.Build.0 = Release|Any CPU
		{261BC9D0-1CF3-43AE-B41B-D9C21E3A348A}.Release|x64.ActiveCfg = Release|Any CPU
		{261BC9D0-1CF3-43AE-B41B-D9C21E3A348A}.Release|x64.Build.0 = Release|Any CPU
		{261BC9D0-1CF3-43AE-B41B-D9C21E3A348A}.Release|x86.ActiveCfg = Release|Any CPU
		{261BC9D0-1CF3-43AE-B41B-D9C21E3A348A}.Release|x86.Build.0 = Release|Any CPU
		{2E6709B2-5F36-425D-BCDA-554D8CF8D914}.Debug|Any CPU.ActiveCfg = Debug|Any CPU
		{2E6709B2-5F36-425D-BCDA-554D8CF8D914}.Debug|Any CPU.Build.0 = Debug|Any CPU
		{2E6709B2-5F36-425D-BCDA-554D8CF8D914}.Debug|x64.ActiveCfg = Debug|Any CPU
		{2E6709B2-5F36-425D-BCDA-554D8CF8D914}.Debug|x64.Build.0 = Debug|Any CPU
		{2E6709B2-5F36-425D-BCDA-554D8CF8D914}.Debug|x86.ActiveCfg = Debug|Any CPU
		{2E6709B2-5F36-425D-BCDA-554D8CF8D914}.Debug|x86.Build.0 = Debug|Any CPU
		{2E6709B2-5F36-425D-BCDA-554D8CF8D914}.Release|Any CPU.ActiveCfg = Release|Any CPU
		{2E6709B2-5F36-425D-BCDA-554D8CF8D914}.Release|Any CPU.Build.0 = Release|Any CPU
		{2E6709B2-5F36-425D-BCDA-554D8CF8D914}.Release|x64.ActiveCfg = Release|Any CPU
		{2E6709B2-5F36-425D-BCDA-554D8CF8D914}.Release|x64.Build.0 = Release|Any CPU
		{2E6709B2-5F36-425D-BCDA-554D8CF8D914}.Release|x86.ActiveCfg = Release|Any CPU
		{2E6709B2-5F36-425D-BCDA-554D8CF8D914}.Release|x86.Build.0 = Release|Any CPU
		{DF6B1849-4BDC-4E3C-B0AD-85B3787882C5}.Debug|Any CPU.ActiveCfg = Debug|Any CPU
		{DF6B1849-4BDC-4E3C-B0AD-85B3787882C5}.Debug|Any CPU.Build.0 = Debug|Any CPU
		{DF6B1849-4BDC-4E3C-B0AD-85B3787882C5}.Debug|x64.ActiveCfg = Debug|Any CPU
		{DF6B1849-4BDC-4E3C-B0AD-85B3787882C5}.Debug|x64.Build.0 = Debug|Any CPU
		{DF6B1849-4BDC-4E3C-B0AD-85B3787882C5}.Debug|x86.ActiveCfg = Debug|Any CPU
		{DF6B1849-4BDC-4E3C-B0AD-85B3787882C5}.Debug|x86.Build.0 = Debug|Any CPU
		{DF6B1849-4BDC-4E3C-B0AD-85B3787882C5}.Release|Any CPU.ActiveCfg = Release|Any CPU
		{DF6B1849-4BDC-4E3C-B0AD-85B3787882C5}.Release|Any CPU.Build.0 = Release|Any CPU
		{DF6B1849-4BDC-4E3C-B0AD-85B3787882C5}.Release|x64.ActiveCfg = Release|Any CPU
		{DF6B1849-4BDC-4E3C-B0AD-85B3787882C5}.Release|x64.Build.0 = Release|Any CPU
		{DF6B1849-4BDC-4E3C-B0AD-85B3787882C5}.Release|x86.ActiveCfg = Release|Any CPU
		{DF6B1849-4BDC-4E3C-B0AD-85B3787882C5}.Release|x86.Build.0 = Release|Any CPU
		{79C42CBD-FC0A-4C7C-BF7D-69CCF5BC7689}.Debug|Any CPU.ActiveCfg = Debug|Any CPU
		{79C42CBD-FC0A-4C7C-BF7D-69CCF5BC7689}.Debug|Any CPU.Build.0 = Debug|Any CPU
		{79C42CBD-FC0A-4C7C-BF7D-69CCF5BC7689}.Debug|x64.ActiveCfg = Debug|Any CPU
		{79C42CBD-FC0A-4C7C-BF7D-69CCF5BC7689}.Debug|x64.Build.0 = Debug|Any CPU
		{79C42CBD-FC0A-4C7C-BF7D-69CCF5BC7689}.Debug|x86.ActiveCfg = Debug|Any CPU
		{79C42CBD-FC0A-4C7C-BF7D-69CCF5BC7689}.Debug|x86.Build.0 = Debug|Any CPU
		{79C42CBD-FC0A-4C7C-BF7D-69CCF5BC7689}.Release|Any CPU.ActiveCfg = Release|Any CPU
		{79C42CBD-FC0A-4C7C-BF7D-69CCF5BC7689}.Release|Any CPU.Build.0 = Release|Any CPU
		{79C42CBD-FC0A-4C7C-BF7D-69CCF5BC7689}.Release|x64.ActiveCfg = Release|Any CPU
		{79C42CBD-FC0A-4C7C-BF7D-69CCF5BC7689}.Release|x64.Build.0 = Release|Any CPU
		{79C42CBD-FC0A-4C7C-BF7D-69CCF5BC7689}.Release|x86.ActiveCfg = Release|Any CPU
		{79C42CBD-FC0A-4C7C-BF7D-69CCF5BC7689}.Release|x86.Build.0 = Release|Any CPU
		{1F315C8A-BB93-4A11-B6B9-71E101E62003}.Debug|Any CPU.ActiveCfg = Debug|Any CPU
		{1F315C8A-BB93-4A11-B6B9-71E101E62003}.Debug|Any CPU.Build.0 = Debug|Any CPU
		{1F315C8A-BB93-4A11-B6B9-71E101E62003}.Debug|x64.ActiveCfg = Debug|Any CPU
		{1F315C8A-BB93-4A11-B6B9-71E101E62003}.Debug|x64.Build.0 = Debug|Any CPU
		{1F315C8A-BB93-4A11-B6B9-71E101E62003}.Debug|x86.ActiveCfg = Debug|Any CPU
		{1F315C8A-BB93-4A11-B6B9-71E101E62003}.Debug|x86.Build.0 = Debug|Any CPU
		{1F315C8A-BB93-4A11-B6B9-71E101E62003}.Release|Any CPU.ActiveCfg = Release|Any CPU
		{1F315C8A-BB93-4A11-B6B9-71E101E62003}.Release|Any CPU.Build.0 = Release|Any CPU
		{1F315C8A-BB93-4A11-B6B9-71E101E62003}.Release|x64.ActiveCfg = Release|Any CPU
		{1F315C8A-BB93-4A11-B6B9-71E101E62003}.Release|x64.Build.0 = Release|Any CPU
		{1F315C8A-BB93-4A11-B6B9-71E101E62003}.Release|x86.ActiveCfg = Release|Any CPU
		{1F315C8A-BB93-4A11-B6B9-71E101E62003}.Release|x86.Build.0 = Release|Any CPU
		{2CB1494F-FD35-409E-8AD9-21EDA73E4633}.Debug|Any CPU.ActiveCfg = Debug|Any CPU
		{2CB1494F-FD35-409E-8AD9-21EDA73E4633}.Debug|Any CPU.Build.0 = Debug|Any CPU
		{2CB1494F-FD35-409E-8AD9-21EDA73E4633}.Debug|x64.ActiveCfg = Debug|Any CPU
		{2CB1494F-FD35-409E-8AD9-21EDA73E4633}.Debug|x64.Build.0 = Debug|Any CPU
		{2CB1494F-FD35-409E-8AD9-21EDA73E4633}.Debug|x86.ActiveCfg = Debug|Any CPU
		{2CB1494F-FD35-409E-8AD9-21EDA73E4633}.Debug|x86.Build.0 = Debug|Any CPU
		{2CB1494F-FD35-409E-8AD9-21EDA73E4633}.Release|Any CPU.ActiveCfg = Release|Any CPU
		{2CB1494F-FD35-409E-8AD9-21EDA73E4633}.Release|Any CPU.Build.0 = Release|Any CPU
		{2CB1494F-FD35-409E-8AD9-21EDA73E4633}.Release|x64.ActiveCfg = Release|Any CPU
		{2CB1494F-FD35-409E-8AD9-21EDA73E4633}.Release|x64.Build.0 = Release|Any CPU
		{2CB1494F-FD35-409E-8AD9-21EDA73E4633}.Release|x86.ActiveCfg = Release|Any CPU
		{2CB1494F-FD35-409E-8AD9-21EDA73E4633}.Release|x86.Build.0 = Release|Any CPU
		{9A8FE42E-6A61-4DCB-AC6A-C60EB351251A}.Debug|Any CPU.ActiveCfg = Debug|Any CPU
		{9A8FE42E-6A61-4DCB-AC6A-C60EB351251A}.Debug|Any CPU.Build.0 = Debug|Any CPU
		{9A8FE42E-6A61-4DCB-AC6A-C60EB351251A}.Debug|x64.ActiveCfg = Debug|Any CPU
		{9A8FE42E-6A61-4DCB-AC6A-C60EB351251A}.Debug|x64.Build.0 = Debug|Any CPU
		{9A8FE42E-6A61-4DCB-AC6A-C60EB351251A}.Debug|x86.ActiveCfg = Debug|Any CPU
		{9A8FE42E-6A61-4DCB-AC6A-C60EB351251A}.Debug|x86.Build.0 = Debug|Any CPU
		{9A8FE42E-6A61-4DCB-AC6A-C60EB351251A}.Release|Any CPU.ActiveCfg = Release|Any CPU
		{9A8FE42E-6A61-4DCB-AC6A-C60EB351251A}.Release|Any CPU.Build.0 = Release|Any CPU
		{9A8FE42E-6A61-4DCB-AC6A-C60EB351251A}.Release|x64.ActiveCfg = Release|Any CPU
		{9A8FE42E-6A61-4DCB-AC6A-C60EB351251A}.Release|x64.Build.0 = Release|Any CPU
		{9A8FE42E-6A61-4DCB-AC6A-C60EB351251A}.Release|x86.ActiveCfg = Release|Any CPU
		{9A8FE42E-6A61-4DCB-AC6A-C60EB351251A}.Release|x86.Build.0 = Release|Any CPU
		{B16A7E8E-039F-4E72-9F78-B7D6B57630AC}.Debug|Any CPU.ActiveCfg = Debug|Any CPU
		{B16A7E8E-039F-4E72-9F78-B7D6B57630AC}.Debug|Any CPU.Build.0 = Debug|Any CPU
		{B16A7E8E-039F-4E72-9F78-B7D6B57630AC}.Debug|x64.ActiveCfg = Debug|Any CPU
		{B16A7E8E-039F-4E72-9F78-B7D6B57630AC}.Debug|x64.Build.0 = Debug|Any CPU
		{B16A7E8E-039F-4E72-9F78-B7D6B57630AC}.Debug|x86.ActiveCfg = Debug|Any CPU
		{B16A7E8E-039F-4E72-9F78-B7D6B57630AC}.Debug|x86.Build.0 = Debug|Any CPU
		{B16A7E8E-039F-4E72-9F78-B7D6B57630AC}.Release|Any CPU.ActiveCfg = Release|Any CPU
		{B16A7E8E-039F-4E72-9F78-B7D6B57630AC}.Release|Any CPU.Build.0 = Release|Any CPU
		{B16A7E8E-039F-4E72-9F78-B7D6B57630AC}.Release|x64.ActiveCfg = Release|Any CPU
		{B16A7E8E-039F-4E72-9F78-B7D6B57630AC}.Release|x64.Build.0 = Release|Any CPU
		{B16A7E8E-039F-4E72-9F78-B7D6B57630AC}.Release|x86.ActiveCfg = Release|Any CPU
		{B16A7E8E-039F-4E72-9F78-B7D6B57630AC}.Release|x86.Build.0 = Release|Any CPU
		{887667F0-5169-48F9-A618-D1AE08A437E6}.Debug|Any CPU.ActiveCfg = Debug|Any CPU
		{887667F0-5169-48F9-A618-D1AE08A437E6}.Debug|Any CPU.Build.0 = Debug|Any CPU
		{887667F0-5169-48F9-A618-D1AE08A437E6}.Debug|Any CPU.Deploy.0 = Debug|Any CPU
		{887667F0-5169-48F9-A618-D1AE08A437E6}.Debug|x64.ActiveCfg = Debug|Any CPU
		{887667F0-5169-48F9-A618-D1AE08A437E6}.Debug|x64.Build.0 = Debug|Any CPU
		{887667F0-5169-48F9-A618-D1AE08A437E6}.Debug|x64.Deploy.0 = Debug|Any CPU
		{887667F0-5169-48F9-A618-D1AE08A437E6}.Debug|x86.ActiveCfg = Debug|Any CPU
		{887667F0-5169-48F9-A618-D1AE08A437E6}.Debug|x86.Build.0 = Debug|Any CPU
		{887667F0-5169-48F9-A618-D1AE08A437E6}.Debug|x86.Deploy.0 = Debug|Any CPU
		{887667F0-5169-48F9-A618-D1AE08A437E6}.Release|Any CPU.ActiveCfg = Release|Any CPU
		{887667F0-5169-48F9-A618-D1AE08A437E6}.Release|Any CPU.Build.0 = Release|Any CPU
		{887667F0-5169-48F9-A618-D1AE08A437E6}.Release|Any CPU.Deploy.0 = Release|Any CPU
		{887667F0-5169-48F9-A618-D1AE08A437E6}.Release|x64.ActiveCfg = Release|Any CPU
		{887667F0-5169-48F9-A618-D1AE08A437E6}.Release|x64.Build.0 = Release|Any CPU
		{887667F0-5169-48F9-A618-D1AE08A437E6}.Release|x64.Deploy.0 = Release|Any CPU
		{887667F0-5169-48F9-A618-D1AE08A437E6}.Release|x86.ActiveCfg = Release|Any CPU
		{887667F0-5169-48F9-A618-D1AE08A437E6}.Release|x86.Build.0 = Release|Any CPU
		{887667F0-5169-48F9-A618-D1AE08A437E6}.Release|x86.Deploy.0 = Release|Any CPU
		{2F86E387-19A9-46C6-AEA2-137DF1FAA992}.Debug|Any CPU.ActiveCfg = Debug|Any CPU
		{2F86E387-19A9-46C6-AEA2-137DF1FAA992}.Debug|Any CPU.Build.0 = Debug|Any CPU
		{2F86E387-19A9-46C6-AEA2-137DF1FAA992}.Debug|x64.ActiveCfg = Debug|Any CPU
		{2F86E387-19A9-46C6-AEA2-137DF1FAA992}.Debug|x64.Build.0 = Debug|Any CPU
		{2F86E387-19A9-46C6-AEA2-137DF1FAA992}.Debug|x86.ActiveCfg = Debug|Any CPU
		{2F86E387-19A9-46C6-AEA2-137DF1FAA992}.Debug|x86.Build.0 = Debug|Any CPU
		{2F86E387-19A9-46C6-AEA2-137DF1FAA992}.Release|Any CPU.ActiveCfg = Release|Any CPU
		{2F86E387-19A9-46C6-AEA2-137DF1FAA992}.Release|Any CPU.Build.0 = Release|Any CPU
		{2F86E387-19A9-46C6-AEA2-137DF1FAA992}.Release|x64.ActiveCfg = Release|Any CPU
		{2F86E387-19A9-46C6-AEA2-137DF1FAA992}.Release|x64.Build.0 = Release|Any CPU
		{2F86E387-19A9-46C6-AEA2-137DF1FAA992}.Release|x86.ActiveCfg = Release|Any CPU
		{2F86E387-19A9-46C6-AEA2-137DF1FAA992}.Release|x86.Build.0 = Release|Any CPU
	EndGlobalSection
	GlobalSection(SolutionProperties) = preSolution
		HideSolutionNode = FALSE
	EndGlobalSection
	GlobalSection(NestedProjects) = preSolution
		{B294C162-3094-4810-987B-57390D06EF53} = {BD7654CD-01E6-476C-A4EC-05197B6336E8}
		{60909F52-CF36-4B3E-9C92-A03B9EF9ACCF} = {B294C162-3094-4810-987B-57390D06EF53}
		{00356E25-4641-4C75-A4BD-F20E880C0574} = {BD7654CD-01E6-476C-A4EC-05197B6336E8}
		{14B20237-9604-4478-8D09-F9AD71F0923D} = {00356E25-4641-4C75-A4BD-F20E880C0574}
		{19C30F9A-AEAB-4072-9680-746A09B44AB6} = {BD7654CD-01E6-476C-A4EC-05197B6336E8}
		{E35EE783-EE79-4C2D-93A0-678A90BCFE59} = {19C30F9A-AEAB-4072-9680-746A09B44AB6}
		{D5ACA229-EB46-4B0F-A63C-EC9219F8987E} = {19C30F9A-AEAB-4072-9680-746A09B44AB6}
		{FEE35119-8262-4023-A67F-0FBDF20FD69D} = {BD7654CD-01E6-476C-A4EC-05197B6336E8}
		{D70888F9-CBDB-4881-8B8C-C00411CCE631} = {FEE35119-8262-4023-A67F-0FBDF20FD69D}
		{179C74CD-5232-44B3-BAB6-10878556C3EB} = {FEE35119-8262-4023-A67F-0FBDF20FD69D}
		{03BC0F8C-2285-4499-8210-09642CCC252D} = {BD7654CD-01E6-476C-A4EC-05197B6336E8}
		{C7627F21-3940-492E-971F-62A6C72014C3} = {03BC0F8C-2285-4499-8210-09642CCC252D}
		{18E09E4A-880B-4771-9457-11642E874665} = {BD7654CD-01E6-476C-A4EC-05197B6336E8}
		{0B519B58-C522-4AEB-A150-6CAD4AAE8B70} = {18E09E4A-880B-4771-9457-11642E874665}
		{1AFC595D-45E9-46A4-B387-4FF6B90BA6CB} = {18E09E4A-880B-4771-9457-11642E874665}
		{261BC9D0-1CF3-43AE-B41B-D9C21E3A348A} = {19C30F9A-AEAB-4072-9680-746A09B44AB6}
		{2E6709B2-5F36-425D-BCDA-554D8CF8D914} = {18E09E4A-880B-4771-9457-11642E874665}
		{DF6B1849-4BDC-4E3C-B0AD-85B3787882C5} = {FEE35119-8262-4023-A67F-0FBDF20FD69D}
		{79C42CBD-FC0A-4C7C-BF7D-69CCF5BC7689} = {03BC0F8C-2285-4499-8210-09642CCC252D}
		{1F315C8A-BB93-4A11-B6B9-71E101E62003} = {19C30F9A-AEAB-4072-9680-746A09B44AB6}
		{2CB1494F-FD35-409E-8AD9-21EDA73E4633} = {18E09E4A-880B-4771-9457-11642E874665}
		{9A8FE42E-6A61-4DCB-AC6A-C60EB351251A} = {FEE35119-8262-4023-A67F-0FBDF20FD69D}
		{DA69CB17-BDE8-40E4-B648-A368CB232041} = {1522B750-472D-46AC-96FD-261F81EEBC33}
		{B16A7E8E-039F-4E72-9F78-B7D6B57630AC} = {DA69CB17-BDE8-40E4-B648-A368CB232041}
		{887667F0-5169-48F9-A618-D1AE08A437E6} = {0245B06B-BDB3-49A1-B3B2-3771C52DE323}
		{6096948D-23A5-4D32-AB7C-908F6205013E} = {1522B750-472D-46AC-96FD-261F81EEBC33}
		{2F86E387-19A9-46C6-AEA2-137DF1FAA992} = {6096948D-23A5-4D32-AB7C-908F6205013E}
	EndGlobalSection
	GlobalSection(ExtensibilityGlobals) = postSolution
		SolutionGuid = {8B5AFF47-B2DA-47AC-8A90-92F8DB738972}
	EndGlobalSection
EndGlobal
